{
  "lockfile-version": 1,
  "manifest": {
    "version": 1,
    "install": {
      "buf": {
        "pkg-path": "buf",
        "version": "1.60.0"
      },
      "claude-code": {
        "pkg-path": "claude-code",
        "version": "2.0.55"
      },
      "go": {
        "pkg-path": "go",
        "version": "1.25.4"
      },
      "go-task": {
        "pkg-path": "go-task",
        "version": "3.45.5"
      },
      "js-yaml": {
        "pkg-path": "nodePackages_latest.js-yaml"
      },
      "nodejs_24": {
        "pkg-path": "nodejs_24",
        "version": "24.11.1"
      },
      "prettier": {
        "pkg-path": "prettier",
        "version": "3.6.2"
      },
      "protobuf": {
        "pkg-path": "protobuf",
        "version": "32.1"
      }
    },
    "options": {}
  },
  "packages": [
    {
      "attr_path": "buf",
      "broken": false,
      "derivation": "/nix/store/hw1vv6a5xnisdpx4al89xp868k0llnh2-buf-1.60.0.drv",
      "description": "Create consistent Protobuf APIs that preserve compatibility and comply with design best-practices",
      "install_id": "buf",
      "license": "Apache-2.0",
      "locked_url": "https://github.com/flox/nixpkgs?rev=2fad6eac6077f03fe109c4d4eb171cf96791faa4",
      "name": "buf-1.60.0",
      "pname": "buf",
      "rev": "2fad6eac6077f03fe109c4d4eb171cf96791faa4",
      "rev_count": 903292,
      "rev_date": "2025-11-27T11:14:36Z",
      "scrape_date": "2025-11-29T03:00:18.637177Z",
      "stabilities": [
        "unstable"
      ],
      "unfree": false,
      "version": "1.60.0",
      "outputs_to_install": [
        "out"
      ],
      "outputs": {
        "out": "/nix/store/pf17xclm030cghavz9x80gki0wikv897-buf-1.60.0"
      },
      "system": "aarch64-darwin",
      "group": "toplevel",
      "priority": 5
    },
    {
      "attr_path": "buf",
      "broken": false,
      "derivation": "/nix/store/wqgrjyc19aajqzfb5b3gbk5lajad623g-buf-1.60.0.drv",
      "description": "Create consistent Protobuf APIs that preserve compatibility and comply with design best-practices",
      "install_id": "buf",
      "license": "Apache-2.0",
      "locked_url": "https://github.com/flox/nixpkgs?rev=2fad6eac6077f03fe109c4d4eb171cf96791faa4",
      "name": "buf-1.60.0",
      "pname": "buf",
      "rev": "2fad6eac6077f03fe109c4d4eb171cf96791faa4",
      "rev_count": 903292,
      "rev_date": "2025-11-27T11:14:36Z",
      "scrape_date": "2025-11-29T03:15:56.711921Z",
      "stabilities": [
        "unstable"
      ],
      "unfree": false,
      "version": "1.60.0",
      "outputs_to_install": [
        "out"
      ],
      "outputs": {
        "out": "/nix/store/y2r1rjlhgr3avgrs54nxa5vz8rf9j10p-buf-1.60.0"
      },
      "system": "aarch64-linux",
      "group": "toplevel",
      "priority": 5
    },
    {
      "attr_path": "buf",
      "broken": false,
      "derivation": "/nix/store/wf9bb4c21iddvfldhwc9myv7sx7qmqf1-buf-1.60.0.drv",
      "description": "Create consistent Protobuf APIs that preserve compatibility and comply with design best-practices",
      "install_id": "buf",
      "license": "Apache-2.0",
      "locked_url": "https://github.com/flox/nixpkgs?rev=2fad6eac6077f03fe109c4d4eb171cf96791faa4",
      "name": "buf-1.60.0",
      "pname": "buf",
      "rev": "2fad6eac6077f03fe109c4d4eb171cf96791faa4",
      "rev_count": 903292,
      "rev_date": "2025-11-27T11:14:36Z",
      "scrape_date": "2025-11-29T03:31:59.268073Z",
      "stabilities": [
        "unstable"
      ],
      "unfree": false,
      "version": "1.60.0",
      "outputs_to_install": [
        "out"
      ],
      "outputs": {
        "out": "/nix/store/85mhrzqcsa35csbbxkr7gimpcfa4bawx-buf-1.60.0"
      },
      "system": "x86_64-darwin",
      "group": "toplevel",
      "priority": 5
    },
    {
      "attr_path": "buf",
      "broken": false,
      "derivation": "/nix/store/mw57ay92ij34xwx493dq45nwziglldbj-buf-1.60.0.drv",
      "description": "Create consistent Protobuf APIs that preserve compatibility and comply with design best-practices",
      "install_id": "buf",
      "license": "Apache-2.0",
      "locked_url": "https://github.com/flox/nixpkgs?rev=2fad6eac6077f03fe109c4d4eb171cf96791faa4",
      "name": "buf-1.60.0",
      "pname": "buf",
      "rev": "2fad6eac6077f03fe109c4d4eb171cf96791faa4",
      "rev_count": 903292,
      "rev_date": "2025-11-27T11:14:36Z",
      "scrape_date": "2025-11-29T03:48:00.824091Z",
      "stabilities": [
        "unstable"
      ],
      "unfree": false,
      "version": "1.60.0",
      "outputs_to_install": [
        "out"
      ],
      "outputs": {
        "out": "/nix/store/fv8228x81clz5lsg7cn0z2zn3jnbfgrb-buf-1.60.0"
      },
      "system": "x86_64-linux",
      "group": "toplevel",
      "priority": 5
    },
    {
      "attr_path": "claude-code",
      "broken": false,
      "derivation": "/nix/store/wnaalr2pg2i2ggcymnjx54qnkvpkw322-claude-code-2.0.55.drv",
      "description": "Agentic coding tool that lives in your terminal, understands your codebase, and helps you code faster",
      "install_id": "claude-code",
      "license": "Unfree",
      "locked_url": "https://github.com/flox/nixpkgs?rev=2fad6eac6077f03fe109c4d4eb171cf96791faa4",
      "name": "claude-code-2.0.55",
      "pname": "claude-code",
      "rev": "2fad6eac6077f03fe109c4d4eb171cf96791faa4",
      "rev_count": 903292,
      "rev_date": "2025-11-27T11:14:36Z",
      "scrape_date": "2025-11-29T03:00:18.825926Z",
      "stabilities": [
        "unstable"
      ],
      "unfree": true,
      "version": "2.0.55",
      "outputs_to_install": [
        "out"
      ],
      "outputs": {
        "out": "/nix/store/cv0h1yca8xb5bw7sfmvcx0hdg68dpd5f-claude-code-2.0.55"
      },
      "system": "aarch64-darwin",
      "group": "toplevel",
      "priority": 5
    },
    {
      "attr_path": "claude-code",
      "broken": false,
      "derivation": "/nix/store/bcrhznf5nk9sngh4w62r475k4xkavzp3-claude-code-2.0.55.drv",
      "description": "Agentic coding tool that lives in your terminal, understands your codebase, and helps you code faster",
      "install_id": "claude-code",
      "license": "Unfree",
      "locked_url": "https://github.com/flox/nixpkgs?rev=2fad6eac6077f03fe109c4d4eb171cf96791faa4",
      "name": "claude-code-2.0.55",
      "pname": "claude-code",
      "rev": "2fad6eac6077f03fe109c4d4eb171cf96791faa4",
      "rev_count": 903292,
      "rev_date": "2025-11-27T11:14:36Z",
      "scrape_date": "2025-11-29T03:15:56.953878Z",
      "stabilities": [
        "unstable"
      ],
      "unfree": true,
      "version": "2.0.55",
      "outputs_to_install": [
        "out"
      ],
      "outputs": {
        "out": "/nix/store/590b4rmnl6fq6jax704gjb9na1wyx4vk-claude-code-2.0.55"
      },
      "system": "aarch64-linux",
      "group": "toplevel",
      "priority": 5
    },
    {
      "attr_path": "claude-code",
      "broken": false,
      "derivation": "/nix/store/3g61yi9rlkhkmfzcs1jjj2z6frp5r3c7-claude-code-2.0.55.drv",
      "description": "Agentic coding tool that lives in your terminal, understands your codebase, and helps you code faster",
      "install_id": "claude-code",
      "license": "Unfree",
      "locked_url": "https://github.com/flox/nixpkgs?rev=2fad6eac6077f03fe109c4d4eb171cf96791faa4",
      "name": "claude-code-2.0.55",
      "pname": "claude-code",
      "rev": "2fad6eac6077f03fe109c4d4eb171cf96791faa4",
      "rev_count": 903292,
      "rev_date": "2025-11-27T11:14:36Z",
      "scrape_date": "2025-11-29T03:31:59.456780Z",
      "stabilities": [
        "unstable"
      ],
      "unfree": true,
      "version": "2.0.55",
      "outputs_to_install": [
        "out"
      ],
      "outputs": {
        "out": "/nix/store/mf9lhrkrasrzwzax9w1d0y8bablsdk26-claude-code-2.0.55"
      },
      "system": "x86_64-darwin",
      "group": "toplevel",
      "priority": 5
    },
    {
      "attr_path": "claude-code",
      "broken": false,
      "derivation": "/nix/store/gnqssc9iaqh3g3nvg0hzqiixv2b264sp-claude-code-2.0.55.drv",
      "description": "Agentic coding tool that lives in your terminal, understands your codebase, and helps you code faster",
      "install_id": "claude-code",
      "license": "Unfree",
      "locked_url": "https://github.com/flox/nixpkgs?rev=2fad6eac6077f03fe109c4d4eb171cf96791faa4",
      "name": "claude-code-2.0.55",
      "pname": "claude-code",
      "rev": "2fad6eac6077f03fe109c4d4eb171cf96791faa4",
      "rev_count": 903292,
      "rev_date": "2025-11-27T11:14:36Z",
      "scrape_date": "2025-11-29T03:48:01.087902Z",
      "stabilities": [
        "unstable"
      ],
      "unfree": true,
      "version": "2.0.55",
      "outputs_to_install": [
        "out"
      ],
      "outputs": {
        "out": "/nix/store/xb01di7mvdyy10izpka3z5gbh7j0p21d-claude-code-2.0.55"
      },
      "system": "x86_64-linux",
      "group": "toplevel",
      "priority": 5
    },
    {
      "attr_path": "go",
      "broken": false,
      "derivation": "/nix/store/q6dns42jljmikj5n8z09f94g5a4230h6-go-1.25.4.drv",
      "description": "Go Programming language",
      "install_id": "go",
      "license": "BSD-3-Clause",
      "locked_url": "https://github.com/flox/nixpkgs?rev=2fad6eac6077f03fe109c4d4eb171cf96791faa4",
      "name": "go-1.25.4",
      "pname": "go",
      "rev": "2fad6eac6077f03fe109c4d4eb171cf96791faa4",
      "rev_count": 903292,
      "rev_date": "2025-11-27T11:14:36Z",
      "scrape_date": "2025-11-29T03:00:19.837938Z",
      "stabilities": [
        "unstable"
      ],
      "unfree": false,
      "version": "1.25.4",
      "outputs_to_install": [
        "out"
      ],
      "outputs": {
        "out": "/nix/store/52f5kjcmgmvgrz3rij676b3rjmgg5l5g-go-1.25.4"
      },
      "system": "aarch64-darwin",
      "group": "toplevel",
      "priority": 5
    },
    {
      "attr_path": "go",
      "broken": false,
      "derivation": "/nix/store/c25caab75rsywihykxr4xmmmhndxaphp-go-1.25.4.drv",
      "description": "Go Programming language",
      "install_id": "go",
      "license": "BSD-3-Clause",
      "locked_url": "https://github.com/flox/nixpkgs?rev=2fad6eac6077f03fe109c4d4eb171cf96791faa4",
      "name": "go-1.25.4",
      "pname": "go",
      "rev": "2fad6eac6077f03fe109c4d4eb171cf96791faa4",
      "rev_count": 903292,
      "rev_date": "2025-11-27T11:14:36Z",
      "scrape_date": "2025-11-29T03:15:58.792002Z",
      "stabilities": [
        "unstable"
      ],
      "unfree": false,
      "version": "1.25.4",
      "outputs_to_install": [
        "out"
      ],
      "outputs": {
        "out": "/nix/store/2ajrlmz1qdpm9k9ankhnp3973wxg1gqs-go-1.25.4"
      },
      "system": "aarch64-linux",
      "group": "toplevel",
      "priority": 5
    },
    {
      "attr_path": "go",
      "broken": false,
      "derivation": "/nix/store/arl751qdzivyrdn3yllvhn5p237wbiw3-go-1.25.4.drv",
      "description": "Go Programming language",
      "install_id": "go",
      "license": "BSD-3-Clause",
      "locked_url": "https://github.com/flox/nixpkgs?rev=2fad6eac6077f03fe109c4d4eb171cf96791faa4",
      "name": "go-1.25.4",
      "pname": "go",
      "rev": "2fad6eac6077f03fe109c4d4eb171cf96791faa4",
      "rev_count": 903292,
      "rev_date": "2025-11-27T11:14:36Z",
      "scrape_date": "2025-11-29T03:32:00.451662Z",
      "stabilities": [
        "unstable"
      ],
      "unfree": false,
      "version": "1.25.4",
      "outputs_to_install": [
        "out"
      ],
      "outputs": {
        "out": "/nix/store/1rqpvp45rl4sr1l0czrlbmv8jqj9sa7r-go-1.25.4"
      },
      "system": "x86_64-darwin",
      "group": "toplevel",
      "priority": 5
    },
    {
      "attr_path": "go",
      "broken": false,
      "derivation": "/nix/store/p2iym0wkf1ning240z6amc93l4b831b1-go-1.25.4.drv",
      "description": "Go Programming language",
      "install_id": "go",
      "license": "BSD-3-Clause",
      "locked_url": "https://github.com/flox/nixpkgs?rev=2fad6eac6077f03fe109c4d4eb171cf96791faa4",
      "name": "go-1.25.4",
      "pname": "go",
      "rev": "2fad6eac6077f03fe109c4d4eb171cf96791faa4",
      "rev_count": 903292,
      "rev_date": "2025-11-27T11:14:36Z",
      "scrape_date": "2025-11-29T03:48:03.182048Z",
      "stabilities": [
        "unstable"
      ],
      "unfree": false,
      "version": "1.25.4",
      "outputs_to_install": [
        "out"
      ],
      "outputs": {
        "out": "/nix/store/0a3dyfq09dnkw28ap2i450wjimvdmv6s-go-1.25.4"
      },
      "system": "x86_64-linux",
      "group": "toplevel",
      "priority": 5
    },
    {
      "attr_path": "go-task",
      "broken": false,
      "derivation": "/nix/store/c4v8cqvi4vnabqspg2nhdp38c41hp2r8-go-task-3.45.5.drv",
      "description": "Task runner / simpler Make alternative written in Go",
      "install_id": "go-task",
      "license": "MIT",
      "locked_url": "https://github.com/flox/nixpkgs?rev=2fad6eac6077f03fe109c4d4eb171cf96791faa4",
      "name": "go-task-3.45.5",
      "pname": "go-task",
      "rev": "2fad6eac6077f03fe109c4d4eb171cf96791faa4",
      "rev_count": 903292,
      "rev_date": "2025-11-27T11:14:36Z",
      "scrape_date": "2025-11-29T03:00:19.857180Z",
      "stabilities": [
        "unstable"
      ],
      "unfree": false,
      "version": "3.45.5",
      "outputs_to_install": [
        "out"
      ],
      "outputs": {
        "out": "/nix/store/hq2nfh8sndri3x4z4k1j9g9wk6l0kp5q-go-task-3.45.5"
      },
      "system": "aarch64-darwin",
      "group": "toplevel",
      "priority": 5
    },
    {
      "attr_path": "go-task",
      "broken": false,
      "derivation": "/nix/store/50qvd9dnfi8jhqqm47dl032b3rddn751-go-task-3.45.5.drv",
      "description": "Task runner / simpler Make alternative written in Go",
      "install_id": "go-task",
      "license": "MIT",
      "locked_url": "https://github.com/flox/nixpkgs?rev=2fad6eac6077f03fe109c4d4eb171cf96791faa4",
      "name": "go-task-3.45.5",
      "pname": "go-task",
      "rev": "2fad6eac6077f03fe109c4d4eb171cf96791faa4",
      "rev_count": 903292,
      "rev_date": "2025-11-27T11:14:36Z",
      "scrape_date": "2025-11-29T03:15:58.819089Z",
      "stabilities": [
        "unstable"
      ],
      "unfree": false,
      "version": "3.45.5",
      "outputs_to_install": [
        "out"
      ],
      "outputs": {
        "out": "/nix/store/4ac3xjjbvapdifhzqn3cj012b685bysi-go-task-3.45.5"
      },
      "system": "aarch64-linux",
      "group": "toplevel",
      "priority": 5
    },
    {
      "attr_path": "go-task",
      "broken": false,
      "derivation": "/nix/store/7v8jijz2hdsa0pn3q6glddh8c5ijncf5-go-task-3.45.5.drv",
      "description": "Task runner / simpler Make alternative written in Go",
      "install_id": "go-task",
      "license": "MIT",
      "locked_url": "https://github.com/flox/nixpkgs?rev=2fad6eac6077f03fe109c4d4eb171cf96791faa4",
      "name": "go-task-3.45.5",
      "pname": "go-task",
      "rev": "2fad6eac6077f03fe109c4d4eb171cf96791faa4",
      "rev_count": 903292,
      "rev_date": "2025-11-27T11:14:36Z",
      "scrape_date": "2025-11-29T03:32:00.471617Z",
      "stabilities": [
        "unstable"
      ],
      "unfree": false,
      "version": "3.45.5",
      "outputs_to_install": [
        "out"
      ],
      "outputs": {
        "out": "/nix/store/57gnc0hahiawf2dmiiy6z6kxmaq2a41m-go-task-3.45.5"
      },
      "system": "x86_64-darwin",
      "group": "toplevel",
      "priority": 5
    },
    {
      "attr_path": "go-task",
      "broken": false,
      "derivation": "/nix/store/54ybxfsx8gjzlghsszpshc9mr5hkv4yx-go-task-3.45.5.drv",
      "description": "Task runner / simpler Make alternative written in Go",
      "install_id": "go-task",
      "license": "MIT",
      "locked_url": "https://github.com/flox/nixpkgs?rev=2fad6eac6077f03fe109c4d4eb171cf96791faa4",
      "name": "go-task-3.45.5",
      "pname": "go-task",
      "rev": "2fad6eac6077f03fe109c4d4eb171cf96791faa4",
      "rev_count": 903292,
      "rev_date": "2025-11-27T11:14:36Z",
      "scrape_date": "2025-11-29T03:48:03.211309Z",
      "stabilities": [
        "unstable"
      ],
      "unfree": false,
      "version": "3.45.5",
      "outputs_to_install": [
        "out"
      ],
      "outputs": {
        "out": "/nix/store/8j7jr4fpjlmbcyb1crr8gy00z8d768vm-go-task-3.45.5"
      },
      "system": "x86_64-linux",
      "group": "toplevel",
      "priority": 5
    },
    {
      "attr_path": "nodePackages_latest.js-yaml",
      "broken": false,
      "derivation": "/nix/store/q6yba0rwhzxbssh8jn0sg2vrqzag1zy2-js-yaml-4.1.0.drv",
      "description": "YAML 1.2 parser and serializer",
      "install_id": "js-yaml",
      "license": "MIT",
      "locked_url": "https://github.com/flox/nixpkgs?rev=2fad6eac6077f03fe109c4d4eb171cf96791faa4",
      "name": "js-yaml-4.1.0",
      "pname": "js-yaml",
      "rev": "2fad6eac6077f03fe109c4d4eb171cf96791faa4",
      "rev_count": 903292,
      "rev_date": "2025-11-27T11:14:36Z",
      "scrape_date": "2025-11-29T03:00:42.147521Z",
      "stabilities": [
        "unstable"
      ],
      "unfree": false,
      "version": "4.1.0",
      "outputs_to_install": [
        "out"
      ],
      "outputs": {
        "out": "/nix/store/12r9pihlka3xam3d7a0n7lr6kzqrnghg-js-yaml-4.1.0"
      },
      "system": "aarch64-darwin",
      "group": "toplevel",
      "priority": 5
    },
    {
      "attr_path": "nodePackages_latest.js-yaml",
      "broken": false,
      "derivation": "/nix/store/f6jabfg4is6ald2d038cshsgxrdjdd9j-js-yaml-4.1.0.drv",
      "description": "YAML 1.2 parser and serializer",
      "install_id": "js-yaml",
      "license": "MIT",
      "locked_url": "https://github.com/flox/nixpkgs?rev=2fad6eac6077f03fe109c4d4eb171cf96791faa4",
      "name": "js-yaml-4.1.0",
      "pname": "js-yaml",
      "rev": "2fad6eac6077f03fe109c4d4eb171cf96791faa4",
      "rev_count": 903292,
      "rev_date": "2025-11-27T11:14:36Z",
      "scrape_date": "2025-11-29T03:16:33.583845Z",
      "stabilities": [
        "unstable"
      ],
      "unfree": false,
      "version": "4.1.0",
      "outputs_to_install": [
        "out"
      ],
      "outputs": {
        "out": "/nix/store/sanmbc7f3d00wkk79z8vg693mg4y3hfr-js-yaml-4.1.0"
      },
      "system": "aarch64-linux",
      "group": "toplevel",
      "priority": 5
    },
    {
      "attr_path": "nodePackages_latest.js-yaml",
      "broken": false,
      "derivation": "/nix/store/43qcvnri635z9gr25ygvxnxfj8qagzs7-js-yaml-4.1.0.drv",
      "description": "YAML 1.2 parser and serializer",
      "install_id": "js-yaml",
      "license": "MIT",
      "locked_url": "https://github.com/flox/nixpkgs?rev=2fad6eac6077f03fe109c4d4eb171cf96791faa4",
      "name": "js-yaml-4.1.0",
      "pname": "js-yaml",
      "rev": "2fad6eac6077f03fe109c4d4eb171cf96791faa4",
      "rev_count": 903292,
      "rev_date": "2025-11-27T11:14:36Z",
      "scrape_date": "2025-11-29T03:32:22.188184Z",
      "stabilities": [
        "unstable"
      ],
      "unfree": false,
      "version": "4.1.0",
      "outputs_to_install": [
        "out"
      ],
      "outputs": {
        "out": "/nix/store/kdh5hm349709j6ngji0hc7g5c37hs7zq-js-yaml-4.1.0"
      },
      "system": "x86_64-darwin",
      "group": "toplevel",
      "priority": 5
    },
    {
      "attr_path": "nodePackages_latest.js-yaml",
      "broken": false,
      "derivation": "/nix/store/h75qd0y5prdsn52yqj7chfalam915y5p-js-yaml-4.1.0.drv",
      "description": "YAML 1.2 parser and serializer",
      "install_id": "js-yaml",
      "license": "MIT",
      "locked_url": "https://github.com/flox/nixpkgs?rev=2fad6eac6077f03fe109c4d4eb171cf96791faa4",
      "name": "js-yaml-4.1.0",
      "pname": "js-yaml",
      "rev": "2fad6eac6077f03fe109c4d4eb171cf96791faa4",
      "rev_count": 903292,
      "rev_date": "2025-11-27T11:14:36Z",
      "scrape_date": "2025-11-29T03:48:40.569484Z",
      "stabilities": [
        "unstable"
      ],
      "unfree": false,
      "version": "4.1.0",
      "outputs_to_install": [
        "out"
      ],
      "outputs": {
        "out": "/nix/store/j235d3khjfn2wyqvprkmb3n4zfq3pvc4-js-yaml-4.1.0"
      },
      "system": "x86_64-linux",
      "group": "toplevel",
      "priority": 5
    },
    {
      "attr_path": "nodejs_24",
      "broken": false,
      "derivation": "/nix/store/8si4xs49iw7kgw8r4mrh9zzalqkwxy1i-nodejs-24.11.1.drv",
      "description": "Event-driven I/O framework for the V8 JavaScript engine",
      "install_id": "nodejs_24",
      "license": "MIT",
      "locked_url": "https://github.com/flox/nixpkgs?rev=2fad6eac6077f03fe109c4d4eb171cf96791faa4",
      "name": "nodejs-24.11.1",
      "pname": "nodejs_24",
      "rev": "2fad6eac6077f03fe109c4d4eb171cf96791faa4",
      "rev_count": 903292,
      "rev_date": "2025-11-27T11:14:36Z",
      "scrape_date": "2025-11-29T03:00:42.318491Z",
      "stabilities": [
        "unstable"
      ],
      "unfree": false,
      "version": "24.11.1",
      "outputs_to_install": [
        "out"
      ],
      "outputs": {
        "dev": "/nix/store/akmrc34ry4wil7wq8ghxbh2dpvikschh-nodejs-24.11.1-dev",
        "libv8": "/nix/store/h4ad12n85c04b2c5c1a4r8r5qr4i1afn-nodejs-24.11.1-libv8",
        "out": "/nix/store/h57ln4r40qr349z1r8ri90n9i9xid3r5-nodejs-24.11.1"
      },
      "system": "aarch64-darwin",
      "group": "toplevel",
      "priority": 5
    },
    {
      "attr_path": "nodejs_24",
      "broken": false,
      "derivation": "/nix/store/chrdlgr4ihl36kr5m7prn4wpjwa0aywa-nodejs-24.11.1.drv",
      "description": "Event-driven I/O framework for the V8 JavaScript engine",
      "install_id": "nodejs_24",
      "license": "MIT",
      "locked_url": "https://github.com/flox/nixpkgs?rev=2fad6eac6077f03fe109c4d4eb171cf96791faa4",
      "name": "nodejs-24.11.1",
      "pname": "nodejs_24",
      "rev": "2fad6eac6077f03fe109c4d4eb171cf96791faa4",
      "rev_count": 903292,
      "rev_date": "2025-11-27T11:14:36Z",
      "scrape_date": "2025-11-29T03:16:33.817696Z",
      "stabilities": [
        "unstable"
      ],
      "unfree": false,
      "version": "24.11.1",
      "outputs_to_install": [
        "out"
      ],
      "outputs": {
        "dev": "/nix/store/82gbs5sgm1gpggsalpdlnxjkvr7bnkcc-nodejs-24.11.1-dev",
        "libv8": "/nix/store/7ihzshxrnl1xh935ff8va57aw1avwk5j-nodejs-24.11.1-libv8",
        "out": "/nix/store/r46dnkahacvrnavv5945aizq8b61kbwc-nodejs-24.11.1"
      },
      "system": "aarch64-linux",
      "group": "toplevel",
      "priority": 5
    },
    {
      "attr_path": "nodejs_24",
      "broken": false,
      "derivation": "/nix/store/8wx16zfn2abmwa8d7y70d51skzfihraa-nodejs-24.11.1.drv",
      "description": "Event-driven I/O framework for the V8 JavaScript engine",
      "install_id": "nodejs_24",
      "license": "MIT",
      "locked_url": "https://github.com/flox/nixpkgs?rev=2fad6eac6077f03fe109c4d4eb171cf96791faa4",
      "name": "nodejs-24.11.1",
      "pname": "nodejs_24",
      "rev": "2fad6eac6077f03fe109c4d4eb171cf96791faa4",
      "rev_count": 903292,
      "rev_date": "2025-11-27T11:14:36Z",
      "scrape_date": "2025-11-29T03:32:22.355932Z",
      "stabilities": [
        "unstable"
      ],
      "unfree": false,
      "version": "24.11.1",
      "outputs_to_install": [
        "out"
      ],
      "outputs": {
        "dev": "/nix/store/xj8y0v2v5ssdxbpz1bz9yivn109g3i4x-nodejs-24.11.1-dev",
        "libv8": "/nix/store/136306lidz9kx8dlka3l2sf1q9i6ilc3-nodejs-24.11.1-libv8",
        "out": "/nix/store/68d27bbipwcv99inwbs6fb7vxbgd4q6j-nodejs-24.11.1"
      },
      "system": "x86_64-darwin",
      "group": "toplevel",
      "priority": 5
    },
    {
      "attr_path": "nodejs_24",
      "broken": false,
      "derivation": "/nix/store/gdppsrdgix5qijbnfabzii8hh0d2cj4a-nodejs-24.11.1.drv",
      "description": "Event-driven I/O framework for the V8 JavaScript engine",
      "install_id": "nodejs_24",
      "license": "MIT",
      "locked_url": "https://github.com/flox/nixpkgs?rev=2fad6eac6077f03fe109c4d4eb171cf96791faa4",
      "name": "nodejs-24.11.1",
      "pname": "nodejs_24",
      "rev": "2fad6eac6077f03fe109c4d4eb171cf96791faa4",
      "rev_count": 903292,
      "rev_date": "2025-11-27T11:14:36Z",
      "scrape_date": "2025-11-29T03:48:40.802024Z",
      "stabilities": [
        "unstable"
      ],
      "unfree": false,
      "version": "24.11.1",
      "outputs_to_install": [
        "out"
      ],
      "outputs": {
        "dev": "/nix/store/qayyvn6vq1yx49lr30kkrpdl1jy99752-nodejs-24.11.1-dev",
        "libv8": "/nix/store/i9s2w9xib1fbqrc2qmmyz17frhpvkmsk-nodejs-24.11.1-libv8",
        "out": "/nix/store/lgggxsrdzisnbligi7irlh4qmqczs0xk-nodejs-24.11.1"
      },
      "system": "x86_64-linux",
      "group": "toplevel",
      "priority": 5
    },
    {
      "attr_path": "prettier",
      "broken": false,
      "derivation": "/nix/store/y0ynh0kpnv497kgqhl2c89rbrs9jyjzr-prettier-3.6.2.drv",
      "description": "Code formatter",
      "install_id": "prettier",
      "license": "MIT",
      "locked_url": "https://github.com/flox/nixpkgs?rev=2fad6eac6077f03fe109c4d4eb171cf96791faa4",
      "name": "prettier-3.6.2",
      "pname": "prettier",
      "rev": "2fad6eac6077f03fe109c4d4eb171cf96791faa4",
      "rev_count": 903292,
      "rev_date": "2025-11-27T11:14:36Z",
      "scrape_date": "2025-11-29T03:00:58.458130Z",
      "stabilities": [
        "unstable"
      ],
      "unfree": false,
      "version": "3.6.2",
      "outputs_to_install": [
        "out"
      ],
      "outputs": {
        "out": "/nix/store/xcnb40li3bqgcq30spjl2kf96m9pp3n2-prettier-3.6.2"
      },
      "system": "aarch64-darwin",
      "group": "toplevel",
      "priority": 5
    },
    {
      "attr_path": "prettier",
      "broken": false,
      "derivation": "/nix/store/6vsggxps4wapcc3d077qrjy10i9pk7h4-prettier-3.6.2.drv",
      "description": "Code formatter",
      "install_id": "prettier",
      "license": "MIT",
      "locked_url": "https://github.com/flox/nixpkgs?rev=2fad6eac6077f03fe109c4d4eb171cf96791faa4",
      "name": "prettier-3.6.2",
      "pname": "prettier",
      "rev": "2fad6eac6077f03fe109c4d4eb171cf96791faa4",
      "rev_count": 903292,
      "rev_date": "2025-11-27T11:14:36Z",
      "scrape_date": "2025-11-29T03:16:55.578817Z",
      "stabilities": [
        "unstable"
      ],
      "unfree": false,
      "version": "3.6.2",
      "outputs_to_install": [
        "out"
      ],
      "outputs": {
        "out": "/nix/store/8nnm4znsbkkhasql1r9ixj5pf0jl1wj3-prettier-3.6.2"
      },
      "system": "aarch64-linux",
      "group": "toplevel",
      "priority": 5
    },
    {
      "attr_path": "prettier",
      "broken": false,
      "derivation": "/nix/store/ibgw4lpfv05y59p4v05189ga4x0jci1q-prettier-3.6.2.drv",
      "description": "Code formatter",
      "install_id": "prettier",
      "license": "MIT",
      "locked_url": "https://github.com/flox/nixpkgs?rev=2fad6eac6077f03fe109c4d4eb171cf96791faa4",
      "name": "prettier-3.6.2",
      "pname": "prettier",
      "rev": "2fad6eac6077f03fe109c4d4eb171cf96791faa4",
      "rev_count": 903292,
      "rev_date": "2025-11-27T11:14:36Z",
      "scrape_date": "2025-11-29T03:32:37.915149Z",
      "stabilities": [
        "unstable"
      ],
      "unfree": false,
      "version": "3.6.2",
      "outputs_to_install": [
        "out"
      ],
      "outputs": {
        "out": "/nix/store/j0qfnq21l36f89i3b0bkl5wqcam5l2qg-prettier-3.6.2"
      },
      "system": "x86_64-darwin",
      "group": "toplevel",
      "priority": 5
    },
    {
      "attr_path": "prettier",
      "broken": false,
      "derivation": "/nix/store/z6kaxqljk8krrhwp62zgirci8nsb7lvf-prettier-3.6.2.drv",
      "description": "Code formatter",
      "install_id": "prettier",
      "license": "MIT",
      "locked_url": "https://github.com/flox/nixpkgs?rev=2fad6eac6077f03fe109c4d4eb171cf96791faa4",
      "name": "prettier-3.6.2",
      "pname": "prettier",
      "rev": "2fad6eac6077f03fe109c4d4eb171cf96791faa4",
      "rev_count": 903292,
      "rev_date": "2025-11-27T11:14:36Z",
      "scrape_date": "2025-11-29T03:49:03.747110Z",
      "stabilities": [
        "unstable"
      ],
      "unfree": false,
      "version": "3.6.2",
      "outputs_to_install": [
        "out"
      ],
      "outputs": {
        "out": "/nix/store/88n0qkaqkcnpcb73niscwgnlbvmy956i-prettier-3.6.2"
      },
      "system": "x86_64-linux",
      "group": "toplevel",
      "priority": 5
    },
    {
      "attr_path": "protobuf",
      "broken": false,
      "derivation": "/nix/store/mbmx342rz968ndqnm7pwvldgf06vgx94-protobuf-32.1.drv",
      "description": "Google's data interchange format",
      "install_id": "protobuf",
      "license": "BSD-3-Clause",
      "locked_url": "https://github.com/flox/nixpkgs?rev=2fad6eac6077f03fe109c4d4eb171cf96791faa4",
      "name": "protobuf-32.1",
      "pname": "protobuf",
      "rev": "2fad6eac6077f03fe109c4d4eb171cf96791faa4",
      "rev_count": 903292,
      "rev_date": "2025-11-27T11:14:36Z",
      "scrape_date": "2025-11-29T03:00:58.748277Z",
      "stabilities": [
        "unstable"
      ],
      "unfree": false,
      "version": "32.1",
      "outputs_to_install": [
        "out"
      ],
      "outputs": {
        "out": "/nix/store/xpcghksv92lyd463hzpkq8lp0v6pz8qq-protobuf-32.1"
      },
      "system": "aarch64-darwin",
      "group": "toplevel",
      "priority": 5
    },
    {
      "attr_path": "protobuf",
      "broken": false,
      "derivation": "/nix/store/i3996ypxggg12a77p2nbrh3mps117grx-protobuf-32.1.drv",
      "description": "Google's data interchange format",
      "install_id": "protobuf",
      "license": "BSD-3-Clause",
      "locked_url": "https://github.com/flox/nixpkgs?rev=2fad6eac6077f03fe109c4d4eb171cf96791faa4",
      "name": "protobuf-32.1",
      "pname": "protobuf",
      "rev": "2fad6eac6077f03fe109c4d4eb171cf96791faa4",
      "rev_count": 903292,
      "rev_date": "2025-11-27T11:14:36Z",
      "scrape_date": "2025-11-29T03:16:56.011666Z",
      "stabilities": [
        "unstable"
      ],
      "unfree": false,
      "version": "32.1",
      "outputs_to_install": [
        "out"
      ],
      "outputs": {
        "out": "/nix/store/ra96y06rhbaxxpag8m91jpax2sa2xz69-protobuf-32.1"
      },
      "system": "aarch64-linux",
      "group": "toplevel",
      "priority": 5
    },
    {
      "attr_path": "protobuf",
      "broken": false,
      "derivation": "/nix/store/cag7p13nj5x02sldvrjpfqww3jair6b9-protobuf-32.1.drv",
      "description": "Google's data interchange format",
      "install_id": "protobuf",
      "license": "BSD-3-Clause",
      "locked_url": "https://github.com/flox/nixpkgs?rev=2fad6eac6077f03fe109c4d4eb171cf96791faa4",
      "name": "protobuf-32.1",
      "pname": "protobuf",
      "rev": "2fad6eac6077f03fe109c4d4eb171cf96791faa4",
      "rev_count": 903292,
      "rev_date": "2025-11-27T11:14:36Z",
      "scrape_date": "2025-11-29T03:32:38.204847Z",
      "stabilities": [
        "unstable"
      ],
      "unfree": false,
      "version": "32.1",
      "outputs_to_install": [
        "out"
      ],
      "outputs": {
        "out": "/nix/store/76ckdib5h8qv61fq6cpllq04ixw26qhp-protobuf-32.1"
      },
      "system": "x86_64-darwin",
      "group": "toplevel",
      "priority": 5
    },
    {
      "attr_path": "protobuf",
      "broken": false,
      "derivation": "/nix/store/w9vz33k28ifmvlh2b6ryfkg5r6hn5hm4-protobuf-32.1.drv",
      "description": "Google's data interchange format",
      "install_id": "protobuf",
      "license": "BSD-3-Clause",
      "locked_url": "https://github.com/flox/nixpkgs?rev=2fad6eac6077f03fe109c4d4eb171cf96791faa4",
      "name": "protobuf-32.1",
      "pname": "protobuf",
      "rev": "2fad6eac6077f03fe109c4d4eb171cf96791faa4",
      "rev_count": 903292,
      "rev_date": "2025-11-27T11:14:36Z",
      "scrape_date": "2025-11-29T03:49:04.206658Z",
      "stabilities": [
        "unstable"
      ],
      "unfree": false,
      "version": "32.1",
      "outputs_to_install": [
        "out"
      ],
      "outputs": {
        "out": "/nix/store/8lql16s1xfd5rmi73aa80ivkg09py9n5-protobuf-32.1"
      },
      "system": "x86_64-linux",
      "group": "toplevel",
      "priority": 5
    }
  ]
}
